
Microsoft Visual Studio Solution File, Format Version 12.00
# Visual Studio 14
VisualStudioVersion = 14.0.25420.1
MinimumVisualStudioVersion = 10.0.40219.1
Project("{2150E333-8FDC-42A3-9474-1A3956D46DE8}") = "src", "src", "{CF22F273-13C3-468A-A991-BC7A7D647E63}"
EndProject
Project("{2150E333-8FDC-42A3-9474-1A3956D46DE8}") = "test", "test", "{A2E5321F-6CCA-426C-9466-43813151C542}"
EndProject
Project("{2150E333-8FDC-42A3-9474-1A3956D46DE8}") = "client", "client", "{2AC751C7-854E-47B2-964C-0D3F96F00C9E}"
EndProject
Project("{2150E333-8FDC-42A3-9474-1A3956D46DE8}") = "server", "server", "{28DFFB23-F672-489E-A8E6-B865D3B1684F}"
EndProject
Project("{2150E333-8FDC-42A3-9474-1A3956D46DE8}") = "gui", "gui", "{C597B8F6-25CC-4874-92A8-5873FD8F5812}"
EndProject
Project("{2150E333-8FDC-42A3-9474-1A3956D46DE8}") = "app", "app", "{D54C2FC2-1740-4BDE-B7DF-398E1AA06EE8}"
EndProject
Project("{2150E333-8FDC-42A3-9474-1A3956D46DE8}") = "data", "data", "{4A3A0458-4C01-49B7-AC8F-33EF798B3936}"
EndProject
Project("{2150E333-8FDC-42A3-9474-1A3956D46DE8}") = "client", "client", "{1ACC26DA-653E-4B76-899E-97EE20B9E331}"
EndProject
Project("{2150E333-8FDC-42A3-9474-1A3956D46DE8}") = "server", "server", "{CA02B9AA-8F00-4C8B-8338-7E84223B81CF}"
EndProject
Project("{2150E333-8FDC-42A3-9474-1A3956D46DE8}") = "gui", "gui", "{B6ED18FA-48C3-4F37-BD14-2FF2B0583976}"
EndProject
Project("{2150E333-8FDC-42A3-9474-1A3956D46DE8}") = "app", "app", "{85CB07FF-9239-444B-93B6-3AC6694244F2}"
EndProject
Project("{2150E333-8FDC-42A3-9474-1A3956D46DE8}") = "data", "data", "{1414F820-C00E-46E6-83EE-1C7C93C929EF}"
EndProject
Project("{FAE04EC0-301F-11D3-BF4B-00C04F79EFBC}") = "console-app", "src\client\gui\console-app\console-app.csproj", "{AD01CC1E-5455-4A4B-A4B9-1BCC4AABF324}"
EndProject
Project("{FAE04EC0-301F-11D3-BF4B-00C04F79EFBC}") = "entities", "src\server\app\entities\entities.csproj", "{9B4D7235-0B13-4737-A365-9FE872CBA94F}"
EndProject
Project("{FAE04EC0-301F-11D3-BF4B-00C04F79EFBC}") = "entities-test", "test\server\app\entities-test\entities-test.csproj", "{8CFE0A92-D9B4-4424-B91C-16F876CDB297}"
EndProject
Global
	GlobalSection(SolutionConfigurationPlatforms) = preSolution
		Debug|Any CPU = Debug|Any CPU
		Release|Any CPU = Release|Any CPU
	EndGlobalSection
	GlobalSection(ProjectConfigurationPlatforms) = postSolution
		{AD01CC1E-5455-4A4B-A4B9-1BCC4AABF324}.Debug|Any CPU.ActiveCfg = Debug|Any CPU
		{AD01CC1E-5455-4A4B-A4B9-1BCC4AABF324}.Debug|Any CPU.Build.0 = Debug|Any CPU
		{AD01CC1E-5455-4A4B-A4B9-1BCC4AABF324}.Release|Any CPU.ActiveCfg = Release|Any CPU
		{AD01CC1E-5455-4A4B-A4B9-1BCC4AABF324}.Release|Any CPU.Build.0 = Release|Any CPU
		{9B4D7235-0B13-4737-A365-9FE872CBA94F}.Debug|Any CPU.ActiveCfg = Debug|Any CPU
		{9B4D7235-0B13-4737-A365-9FE872CBA94F}.Debug|Any CPU.Build.0 = Debug|Any CPU
		{9B4D7235-0B13-4737-A365-9FE872CBA94F}.Release|Any CPU.ActiveCfg = Release|Any CPU
		{9B4D7235-0B13-4737-A365-9FE872CBA94F}.Release|Any CPU.Build.0 = Release|Any CPU
		{8CFE0A92-D9B4-4424-B91C-16F876CDB297}.Debug|Any CPU.ActiveCfg = Debug|Any CPU
		{8CFE0A92-D9B4-4424-B91C-16F876CDB297}.Debug|Any CPU.Build.0 = Debug|Any CPU
		{8CFE0A92-D9B4-4424-B91C-16F876CDB297}.Release|Any CPU.ActiveCfg = Release|Any CPU
		{8CFE0A92-D9B4-4424-B91C-16F876CDB297}.Release|Any CPU.Build.0 = Release|Any CPU
	EndGlobalSection
	GlobalSection(SolutionProperties) = preSolution
		HideSolutionNode = FALSE
	EndGlobalSection
	GlobalSection(NestedProjects) = preSolution
		{2AC751C7-854E-47B2-964C-0D3F96F00C9E} = {CF22F273-13C3-468A-A991-BC7A7D647E63}
		{28DFFB23-F672-489E-A8E6-B865D3B1684F} = {CF22F273-13C3-468A-A991-BC7A7D647E63}
		{C597B8F6-25CC-4874-92A8-5873FD8F5812} = {2AC751C7-854E-47B2-964C-0D3F96F00C9E}
		{D54C2FC2-1740-4BDE-B7DF-398E1AA06EE8} = {28DFFB23-F672-489E-A8E6-B865D3B1684F}
		{4A3A0458-4C01-49B7-AC8F-33EF798B3936} = {28DFFB23-F672-489E-A8E6-B865D3B1684F}
		{1ACC26DA-653E-4B76-899E-97EE20B9E331} = {A2E5321F-6CCA-426C-9466-43813151C542}
		{CA02B9AA-8F00-4C8B-8338-7E84223B81CF} = {A2E5321F-6CCA-426C-9466-43813151C542}
		{B6ED18FA-48C3-4F37-BD14-2FF2B0583976} = {1ACC26DA-653E-4B76-899E-97EE20B9E331}
		{85CB07FF-9239-444B-93B6-3AC6694244F2} = {CA02B9AA-8F00-4C8B-8338-7E84223B81CF}
		{1414F820-C00E-46E6-83EE-1C7C93C929EF} = {CA02B9AA-8F00-4C8B-8338-7E84223B81CF}
		{AD01CC1E-5455-4A4B-A4B9-1BCC4AABF324} = {C597B8F6-25CC-4874-92A8-5873FD8F5812}
		{9B4D7235-0B13-4737-A365-9FE872CBA94F} = {D54C2FC2-1740-4BDE-B7DF-398E1AA06EE8}
		{8CFE0A92-D9B4-4424-B91C-16F876CDB297} = {85CB07FF-9239-444B-93B6-3AC6694244F2}
	EndGlobalSection
EndGlobal
